
Microsoft Visual Studio Solution File, Format Version 12.00
# Visual Studio 15
VisualStudioVersion = 15.0.28307.1000
MinimumVisualStudioVersion = 10.0.40219.1
Project("{FAE04EC0-301F-11D3-BF4B-00C04F79EFBC}") = "ConsoleApp2", "ConsoleApp2\ConsoleApp2.csproj", "{DB0353C0-4541-43F1-8FD2-F436D87F4C62}"
EndProject
Project("{FAE04EC0-301F-11D3-BF4B-00C04F79EFBC}") = "UnitTestProject1", "UnitTestProject1\UnitTestProject1.csproj", "{C2BCC015-8B3B-4673-9BB2-A6E34C573A48}"
EndProject
Global
	GlobalSection(SolutionConfigurationPlatforms) = preSolution
		Debug|Any CPU = Debug|Any CPU
		Release|Any CPU = Release|Any CPU
	EndGlobalSection
	GlobalSection(ProjectConfigurationPlatforms) = postSolution
		{DB0353C0-4541-43F1-8FD2-F436D87F4C62}.Debug|Any CPU.ActiveCfg = Debug|Any CPU
		{DB0353C0-4541-43F1-8FD2-F436D87F4C62}.Debug|Any CPU.Build.0 = Debug|Any CPU
		{DB0353C0-4541-43F1-8FD2-F436D87F4C62}.Release|Any CPU.ActiveCfg = Release|Any CPU
		{DB0353C0-4541-43F1-8FD2-F436D87F4C62}.Release|Any CPU.Build.0 = Release|Any CPU
		{C2BCC015-8B3B-4673-9BB2-A6E34C573A48}.Debug|Any CPU.ActiveCfg = Debug|Any CPU
		{C2BCC015-8B3B-4673-9BB2-A6E34C573A48}.Debug|Any CPU.Build.0 = Debug|Any CPU
		{C2BCC015-8B3B-4673-9BB2-A6E34C573A48}.Release|Any CPU.ActiveCfg = Release|Any CPU
		{C2BCC015-8B3B-4673-9BB2-A6E34C573A48}.Release|Any CPU.Build.0 = Release|Any CPU
	EndGlobalSection
	GlobalSection(SolutionProperties) = preSolution
		HideSolutionNode = FALSE
	EndGlobalSection
	GlobalSection(ExtensibilityGlobals) = postSolution
		SolutionGuid = {304096CF-8FA2-40E6-8891-2FDE0F5F58B4}
	EndGlobalSection
EndGlobal
